
Microsoft Visual Studio Solution File, Format Version 12.00
# Visual Studio Version 17
VisualStudioVersion = 17.6.33829.357
MinimumVisualStudioVersion = 10.0.40219.1
Project("{9A19103F-16F7-4668-BE54-9A1E7A4F7556}") = "BlazorQuickGrid.Server", "BlazorQuickGrid\Server\BlazorQuickGrid.Server.csproj", "{EE4F1132-AF19-4E17-A309-497BE74750F0}"
EndProject
Project("{9A19103F-16F7-4668-BE54-9A1E7A4F7556}") = "BlazorQuickGrid.Client", "BlazorQuickGrid\Client\BlazorQuickGrid.Client.csproj", "{EA4923AC-E67C-4D51-8783-B0A8EB4FA9D5}"
EndProject
Project("{9A19103F-16F7-4668-BE54-9A1E7A4F7556}") = "BlazorQuickGrid.Shared", "BlazorQuickGrid\Shared\BlazorQuickGrid.Shared.csproj", "{835F2E87-248E-4010-A1B1-2E47D7F8180E}"
EndProject
Global
	GlobalSection(SolutionConfigurationPlatforms) = preSolution
		Debug|Any CPU = Debug|Any CPU
		Release|Any CPU = Release|Any CPU
	EndGlobalSection
	GlobalSection(ProjectConfigurationPlatforms) = postSolution
		{EE4F1132-AF19-4E17-A309-497BE74750F0}.Debug|Any CPU.ActiveCfg = Debug|Any CPU
		{EE4F1132-AF19-4E17-A309-497BE74750F0}.Debug|Any CPU.Build.0 = Debug|Any CPU
		{EE4F1132-AF19-4E17-A309-497BE74750F0}.Release|Any CPU.ActiveCfg = Release|Any CPU
		{EE4F1132-AF19-4E17-A309-497BE74750F0}.Release|Any CPU.Build.0 = Release|Any CPU
		{EA4923AC-E67C-4D51-8783-B0A8EB4FA9D5}.Debug|Any CPU.ActiveCfg = Debug|Any CPU
		{EA4923AC-E67C-4D51-8783-B0A8EB4FA9D5}.Debug|Any CPU.Build.0 = Debug|Any CPU
		{EA4923AC-E67C-4D51-8783-B0A8EB4FA9D5}.Release|Any CPU.ActiveCfg = Release|Any CPU
		{EA4923AC-E67C-4D51-8783-B0A8EB4FA9D5}.Release|Any CPU.Build.0 = Release|Any CPU
		{835F2E87-248E-4010-A1B1-2E47D7F8180E}.Debug|Any CPU.ActiveCfg = Debug|Any CPU
		{835F2E87-248E-4010-A1B1-2E47D7F8180E}.Debug|Any CPU.Build.0 = Debug|Any CPU
		{835F2E87-248E-4010-A1B1-2E47D7F8180E}.Release|Any CPU.ActiveCfg = Release|Any CPU
		{835F2E87-248E-4010-A1B1-2E47D7F8180E}.Release|Any CPU.Build.0 = Release|Any CPU
	EndGlobalSection
	GlobalSection(SolutionProperties) = preSolution
		HideSolutionNode = FALSE
	EndGlobalSection
	GlobalSection(ExtensibilityGlobals) = postSolution
		SolutionGuid = {4B49D1A1-8733-44C2-A0C8-F095DB64F922}
	EndGlobalSection
EndGlobal
